
Microsoft Visual Studio Solution File, Format Version 12.00
# Visual Studio Version 17
VisualStudioVersion = 17.0.31903.59
MinimumVisualStudioVersion = 10.0.40219.1
Project("{FAE04EC0-301F-11D3-BF4B-00C04F79EFBC}") = "console-app", "console-app\console-app.csproj", "{258AECA6-BD1D-4491-8BFB-7991C20DF546}"
EndProject
Global
	GlobalSection(SolutionConfigurationPlatforms) = preSolution
		Debug|Any CPU = Debug|Any CPU
		Release|Any CPU = Release|Any CPU
	EndGlobalSection
	GlobalSection(SolutionProperties) = preSolution
		HideSolutionNode = FALSE
	EndGlobalSection
	GlobalSection(ProjectConfigurationPlatforms) = postSolution
		{258AECA6-BD1D-4491-8BFB-7991C20DF546}.Debug|Any CPU.ActiveCfg = Debug|Any CPU
		{258AECA6-BD1D-4491-8BFB-7991C20DF546}.Debug|Any CPU.Build.0 = Debug|Any CPU
		{258AECA6-BD1D-4491-8BFB-7991C20DF546}.Release|Any CPU.ActiveCfg = Release|Any CPU
		{258AECA6-BD1D-4491-8BFB-7991C20DF546}.Release|Any CPU.Build.0 = Release|Any CPU
	EndGlobalSection
EndGlobal
